
Microsoft Visual Studio Solution File, Format Version 12.00
# Visual Studio Version 17
VisualStudioVersion = 17.8.34316.72
MinimumVisualStudioVersion = 10.0.40219.1
Project("{FAE04EC0-301F-11D3-BF4B-00C04F79EFBC}") = "WebApplication_P_2_Inlamning", "WebApplication_P_2_Inlamning.csproj", "{8FC9DD30-4249-4D8E-B8ED-1E9D608F2075}"
EndProject
Global
	GlobalSection(SolutionConfigurationPlatforms) = preSolution
		Debug|Any CPU = Debug|Any CPU
		Release|Any CPU = Release|Any CPU
	EndGlobalSection
	GlobalSection(ProjectConfigurationPlatforms) = postSolution
		{8FC9DD30-4249-4D8E-B8ED-1E9D608F2075}.Debug|Any CPU.ActiveCfg = Debug|Any CPU
		{8FC9DD30-4249-4D8E-B8ED-1E9D608F2075}.Debug|Any CPU.Build.0 = Debug|Any CPU
		{8FC9DD30-4249-4D8E-B8ED-1E9D608F2075}.Release|Any CPU.ActiveCfg = Release|Any CPU
		{8FC9DD30-4249-4D8E-B8ED-1E9D608F2075}.Release|Any CPU.Build.0 = Release|Any CPU
	EndGlobalSection
	GlobalSection(SolutionProperties) = preSolution
		HideSolutionNode = FALSE
	EndGlobalSection
	GlobalSection(ExtensibilityGlobals) = postSolution
		SolutionGuid = {C7F572E4-CA97-4E69-A238-FA6040BD4E06}
	EndGlobalSection
EndGlobal
